// !$*UTF8*$!
{
	archiveVersion = 1;
	classes = {
	};
	objectVersion = 46;
	objects = {

/* Begin PBXBuildFile section */
		C458F2801DCA401A005CA37E /* main.m in Sources */ = {isa = PBXBuildFile; fileRef = C458F27F1DCA401A005CA37E /* main.m */; };
		C458F2831DCA401A005CA37E /* AppDelegate.m in Sources */ = {isa = PBXBuildFile; fileRef = C458F2821DCA401A005CA37E /* AppDelegate.m */; };
		C458F2891DCA401A005CA37E /* Main.storyboard in Resources */ = {isa = PBXBuildFile; fileRef = C458F2871DCA401A005CA37E /* Main.storyboard */; };
		C458F28B1DCA401A005CA37E /* Assets.xcassets in Resources */ = {isa = PBXBuildFile; fileRef = C458F28A1DCA401A005CA37E /* Assets.xcassets */; };
		C458F28E1DCA401A005CA37E /* LaunchScreen.storyboard in Resources */ = {isa = PBXBuildFile; fileRef = C458F28C1DCA401A005CA37E /* LaunchScreen.storyboard */; };
		C458F2981DCA4045005CA37E /* ViewController.m in Sources */ = {isa = PBXBuildFile; fileRef = C458F2971DCA4045005CA37E /* ViewController.m */; };
/* End PBXBuildFile section */

/* Begin PBXFileReference section */
		C458F27B1DCA401A005CA37E /* UITableView.app */ = {isa = PBXFileReference; explicitFileType = wrapper.application; includeInIndex = 0; path = UITableView.app; sourceTree = BUILT_PRODUCTS_DIR; };
		C458F27F1DCA401A005CA37E /* main.m */ = {isa = PBXFileReference; lastKnownFileType = sourcecode.c.objc; path = main.m; sourceTree = "<group>"; };
		C458F2811DCA401A005CA37E /* AppDelegate.h */ = {isa = PBXFileReference; lastKnownFileType = sourcecode.c.h; path = AppDelegate.h; sourceTree = "<group>"; };
		C458F2821DCA401A005CA37E /* AppDelegate.m */ = {isa = PBXFileReference; lastKnownFileType = sourcecode.c.objc; path = AppDelegate.m; sourceTree = "<group>"; };
		C458F2881DCA401A005CA37E /* Base */ = {isa = PBXFileReference; lastKnownFileType = file.storyboard; name = Base; path = Base.lproj/Main.storyboard; sourceTree = "<group>"; };
		C458F28A1DCA401A005CA37E /* Assets.xcassets */ = {isa = PBXFileReference; lastKnownFileType = folder.assetcatalog; path = Assets.xcassets; sourceTree = "<group>"; };
		C458F28D1DCA401A005CA37E /* Base */ = {isa = PBXFileReference; lastKnownFileType = file.storyboard; name = Base; path = Base.lproj/LaunchScreen.storyboard; sourceTree = "<group>"; };
		C458F28F1DCA401A005CA37E /* Info.plist */ = {isa = PBXFileReference; lastKnownFileType = text.plist.xml; path = Info.plist; sourceTree = "<group>"; };
		C458F2961DCA4045005CA37E /* ViewController.h */ = {isa = PBXFileReference; fileEncoding = 4; lastKnownFileType = sourcecode.c.h; path = ViewController.h; sourceTree = "<group>"; };
		C458F2971DCA4045005CA37E /* ViewController.m */ = {isa = PBXFileReference; fileEncoding = 4; lastKnownFileType = sourcecode.c.objc; path = ViewController.m; sourceTree = "<group>"; };
/* End PBXFileReference section */

/* Begin PBXFrameworksBuildPhase section */
		C458F2781DCA401A005CA37E /* Frameworks */ = {
			isa = PBXFrameworksBuildPhase;
			buildActionMask = 2147483647;
			files = (
			);
			runOnlyForDeploymentPostprocessing = 0;
		};
/* End PBXFrameworksBuildPhase section */

/* Begin PBXGroup section */
		C458F2721DCA401A005CA37E = {
			isa = PBXGroup;
			children = (
				C458F27D1DCA401A005CA37E /* UITableView */,
				C458F27C1DCA401A005CA37E /* Products */,
			);
			sourceTree = "<group>";
		};
		C458F27C1DCA401A005CA37E /* Products */ = {
			isa = PBXGroup;
			children = (
				C458F27B1DCA401A005CA37E /* UITableView.app */,
			);
			name = Products;
			sourceTree = "<group>";
		};
		C458F27D1DCA401A005CA37E /* UITableView */ = {
			isa = PBXGroup;
			children = (
				C458F2951DCA4045005CA37E /* Controllers */,
				C458F2811DCA401A005CA37E /* AppDelegate.h */,
				C458F2821DCA401A005CA37E /* AppDelegate.m */,
				C458F27E1DCA401A005CA37E /* Supporting Files */,
			);
			path = UITableView;
			sourceTree = "<group>";
		};
		C458F27E1DCA401A005CA37E /* Supporting Files */ = {
			isa = PBXGroup;
			children = (
				C458F2871DCA401A005CA37E /* Main.storyboard */,
				C458F28A1DCA401A005CA37E /* Assets.xcassets */,
				C458F28C1DCA401A005CA37E /* LaunchScreen.storyboard */,
				C458F28F1DCA401A005CA37E /* Info.plist */,
				C458F27F1DCA401A005CA37E /* main.m */,
			);
			name = "Supporting Files";
			sourceTree = "<group>";
		};
		C458F2951DCA4045005CA37E /* Controllers */ = {
			isa = PBXGroup;
			children = (
				C458F2961DCA4045005CA37E /* ViewController.h */,
				C458F2971DCA4045005CA37E /* ViewController.m */,
			);
			path = Controllers;
			sourceTree = "<group>";
		};
/* End PBXGroup section */

/* Begin PBXNativeTarget section */
		C458F27A1DCA401A005CA37E /* UITableView */ = {
			isa = PBXNativeTarget;
			buildConfigurationList = C458F2921DCA401A005CA37E /* Build configuration list for PBXNativeTarget "UITableView" */;
			buildPhases = (
				C458F2771DCA401A005CA37E /* Sources */,
				C458F2781DCA401A005CA37E /* Frameworks */,
				C458F2791DCA401A005CA37E /* Resources */,
			);
			buildRules = (
			);
			dependencies = (
			);
			name = UITableView;
			productName = UITableView;
			productReference = C458F27B1DCA401A005CA37E /* UITableView.app */;
			productType = "com.apple.product-type.application";
		};
/* End PBXNativeTarget section */

/* Begin PBXProject section */
		C458F2731DCA401A005CA37E /* Project object */ = {
			isa = PBXProject;
			attributes = {
				LastUpgradeCheck = 0810;
				ORGANIZATIONNAME = "王潇";
				TargetAttributes = {
					C458F27A1DCA401A005CA37E = {
						CreatedOnToolsVersion = 8.1;
						ProvisioningStyle = Automatic;
					};
				};
			};
			buildConfigurationList = C458F2761DCA401A005CA37E /* Build configuration list for PBXProject "UITableView" */;
			compatibilityVersion = "Xcode 3.2";
			developmentRegion = English;
			hasScannedForEncodings = 0;
			knownRegions = (
				en,
				Base,
			);
			mainGroup = C458F2721DCA401A005CA37E;
			productRefGroup = C458F27C1DCA401A005CA37E /* Products */;
			projectDirPath = "";
			projectRoot = "";
			targets = (
				C458F27A1DCA401A005CA37E /* UITableView */,
			);
		};
/* End PBXProject section */

/* Begin PBXResourcesBuildPhase section */
		C458F2791DCA401A005CA37E /* Resources */ = {
			isa = PBXResourcesBuildPhase;
			buildActionMask = 2147483647;
			files = (
				C458F28E1DCA401A005CA37E /* LaunchScreen.storyboard in Resources */,
				C458F28B1DCA401A005CA37E /* Assets.xcassets in Resources */,
				C458F2891DCA401A005CA37E /* Main.storyboard in Resources */,
			);
			runOnlyForDeploymentPostprocessing = 0;
		};
/* End PBXResourcesBuildPhase section */

/* Begin PBXSourcesBuildPhase section */
		C458F2771DCA401A005CA37E /* Sources */ = {
			isa = PBXSourcesBuildPhase;
			buildActionMask = 2147483647;
			files = (
				C458F2981DCA4045005CA37E /* ViewController.m in Sources */,
				C458F2831DCA401A005CA37E /* AppDelegate.m in Sources */,
				C458F2801DCA401A005CA37E /* main.m in Sources */,
			);
			runOnlyForDeploymentPostprocessing = 0;
		};
/* End PBXSourcesBuildPhase section */

/* Begin PBXVariantGroup section */
		C458F2871DCA401A005CA37E /* Main.storyboard */ = {
			isa = PBXVariantGroup;
			children = (
				C458F2881DCA401A005CA37E /* Base */,
			);
			name = Main.storyboard;
			sourceTree = "<group>";
		};
		C458F28C1DCA401A005CA37E /* LaunchScreen.storyboard */ = {
			isa = PBXVariantGroup;
			children = (
				C458F28D1DCA401A005CA37E /* Base */,
			);
			name = LaunchScreen.storyboard;
			sourceTree = "<group>";
		};
/* End PBXVariantGroup section */

/* Begin XCBuildConfiguration section */
		C458F2901DCA401A005CA37E /* Debug */ = {
			isa = XCBuildConfiguration;
			buildSettings = {
				ALWAYS_SEARCH_USER_PATHS = NO;
				CLANG_ANALYZER_NONNULL = YES;
				CLANG_CXX_LANGUAGE_STANDARD = "gnu++0x";
				CLANG_CXX_LIBRARY = "libc++";
				CLANG_ENABLE_MODULES = YES;
				CLANG_ENABLE_OBJC_ARC = YES;
				CLANG_WARN_BOOL_CONVERSION = YES;
				CLANG_WARN_CONSTANT_CONVERSION = YES;
				CLANG_WARN_DIRECT_OBJC_ISA_USAGE = YES_ERROR;
				CLANG_WARN_DOCUMENTATION_COMMENTS = YES;
				CLANG_WARN_EMPTY_BODY = YES;
				CLANG_WARN_ENUM_CONVERSION = YES;
				CLANG_WARN_INFINITE_RECURSION = YES;
				CLANG_WARN_INT_CONVERSION = YES;
				CLANG_WARN_OBJC_ROOT_CLASS = YES_ERROR;
				CLANG_WARN_SUSPICIOUS_MOVES = YES;
				CLANG_WARN_UNREACHABLE_CODE = YES;
				CLANG_WARN__DUPLICATE_METHOD_MATCH = YES;
				"CODE_SIGN_IDENTITY[sdk=iphoneos*]" = "iPhone Developer";
				COPY_PHASE_STRIP = NO;
				DEBUG_INFORMATION_FORMAT = dwarf;
				ENABLE_STRICT_OBJC_MSGSEND = YES;
				ENABLE_TESTABILITY = YES;
				GCC_C_LANGUAGE_STANDARD = gnu99;
				GCC_DYNAMIC_NO_PIC = NO;
				GCC_NO_COMMON_BLOCKS = YES;
				GCC_OPTIMIZATION_LEVEL = 0;
				GCC_PREPROCESSOR_DEFINITIONS = (
					"DEBUG=1",
					"$(inherited)",
				);
				GCC_WARN_64_TO_32_BIT_CONVERSION = YES;
				GCC_WARN_ABOUT_RETURN_TYPE = YES_ERROR;
				GCC_WARN_UNDECLARED_SELECTOR = YES;
				GCC_WARN_UNINITIALIZED_AUTOS = YES_AGGRESSIVE;
				GCC_WARN_UNUSED_FUNCTION = YES;
				GCC_WARN_UNUSED_VARIABLE = YES;
				IPHONEOS_DEPLOYMENT_TARGET = 10.1;
				MTL_ENABLE_DEBUG_INFO = YES;
				ONLY_ACTIVE_ARCH = YES;
				SDKROOT = iphoneos;
				TARGETED_DEVICE_FAMILY = "1,2";
			};
			name = Debug;
		};
		C458F2911DCA401A005CA37E /* Release */ = {
			isa = XCBuildConfiguration;
			buildSettings = {
				ALWAYS_SEARCH_USER_PATHS = NO;
				CLANG_ANALYZER_NONNULL = YES;
				CLANG_CXX_LANGUAGE_STANDARD = "gnu++0x";
				CLANG_CXX_LIBRARY = "libc++";
				CLANG_ENABLE_MODULES = YES;
				CLANG_ENABLE_OBJC_ARC = YES;
				CLANG_WARN_BOOL_CONVERSION = YES;
				CLANG_WARN_CONSTANT_CONVERSION = YES;
				CLANG_WARN_DIRECT_OBJC_ISA_USAGE = YES_ERROR;
				CLANG_WARN_DOCUMENTATION_COMMENTS = YES;
				CLANG_WARN_EMPTY_BODY = YES;
				CLANG_WARN_ENUM_CONVERSION = YES;
				CLANG_WARN_INFINITE_RECURSION = YES;
				CLANG_WARN_INT_CONVERSION = YES;
				CLANG_WARN_OBJC_ROOT_CLASS = YES_ERROR;
				CLANG_WARN_SUSPICIOUS_MOVES = YES;
				CLANG_WARN_UNREACHABLE_CODE = YES;
				CLANG_WARN__DUPLICATE_METHOD_MATCH = YES;
				"CODE_SIGN_IDENTITY[sdk=iphoneos*]" = "iPhone Developer";
				COPY_PHASE_STRIP = NO;
				DEBUG_INFORMATION_FORMAT = "dwarf-with-dsym";
				ENABLE_NS_ASSERTIONS = NO;
				ENABLE_STRICT_OBJC_MSGSEND = YES;
				GCC_C_LANGUAGE_STANDARD = gnu99;
				GCC_NO_COMMON_BLOCKS = YES;
				GCC_WARN_64_TO_32_BIT_CONVERSION = YES;
				GCC_WARN_ABOUT_RETURN_TYPE = YES_ERROR;
				GCC_WARN_UNDECLARED_SELECTOR = YES;
				GCC_WARN_UNINITIALIZED_AUTOS = YES_AGGRESSIVE;
				GCC_WARN_UNUSED_FUNCTION = YES;
				GCC_WARN_UNUSED_VARIABLE = YES;
				IPHONEOS_DEPLOYMENT_TARGET = 10.1;
				MTL_ENABLE_DEBUG_INFO = NO;
				SDKROOT = iphoneos;
				TARGETED_DEVICE_FAMILY = "1,2";
				VALIDATE_PRODUCT = YES;
			};
			name = Release;
		};
		C458F2931DCA401A005CA37E /* Debug */ = {
			isa = XCBuildConfiguration;
			buildSettings = {
				ASSETCATALOG_COMPILER_APPICON_NAME = AppIcon;
				INFOPLIST_FILE = UITableView/Info.plist;
				LD_RUNPATH_SEARCH_PATHS = "$(inherited) @executable_path/Frameworks";
				PRODUCT_BUNDLE_IDENTIFIER = com.jerry.UITableView;
				PRODUCT_NAME = "$(TARGET_NAME)";
			};
			name = Debug;
		};
		C458F2941DCA401A005CA37E /* Release */ = {
			isa = XCBuildConfiguration;
			buildSettings = {
				ASSETCATALOG_COMPILER_APPICON_NAME = AppIcon;
				INFOPLIST_FILE = UITableView/Info.plist;
				LD_RUNPATH_SEARCH_PATHS = "$(inherited) @executable_path/Frameworks";
				PRODUCT_BUNDLE_IDENTIFIER = com.jerry.UITableView;
				PRODUCT_NAME = "$(TARGET_NAME)";
			};
			name = Release;
		};
/* End XCBuildConfiguration section */

/* Begin XCConfigurationList section */
		C458F2761DCA401A005CA37E /* Build configuration list for PBXProject "UITableView" */ = {
			isa = XCConfigurationList;
			buildConfigurations = (
				C458F2901DCA401A005CA37E /* Debug */,
				C458F2911DCA401A005CA37E /* Release */,
			);
			defaultConfigurationIsVisible = 0;
			defaultConfigurationName = Release;
		};
		C458F2921DCA401A005CA37E /* Build configuration list for PBXNativeTarget "UITableView" */ = {
			isa = XCConfigurationList;
			buildConfigurations = (
				C458F2931DCA401A005CA37E /* Debug */,
				C458F2941DCA401A005CA37E /* Release */,
			);
			defaultConfigurationIsVisible = 0;
		};
/* End XCConfigurationList section */
	};
	rootObject = C458F2731DCA401A005CA37E /* Project object */;
}
